
Microsoft Visual Studio Solution File, Format Version 12.00
# Visual Studio Version 16
VisualStudioVersion = 16.0.31702.278
MinimumVisualStudioVersion = 10.0.40219.1
Project("{9A19103F-16F7-4668-BE54-9A1E7A4F7556}") = "PizzeriaSdomino.Model", "PizzeriaSdomino.Model\PizzeriaSdomino.Model.csproj", "{05413265-11E0-4FCD-877D-D470D8042C58}"
EndProject
Project("{FAE04EC0-301F-11D3-BF4B-00C04F79EFBC}") = "PizzeriaSdomino.Reader", "PizzeriaSdomino.Reader\PizzeriaSdomino.Reader.csproj", "{3B8622A4-45AF-4CE5-BDD6-CF3B01C7BE94}"
EndProject
Project("{FAE04EC0-301F-11D3-BF4B-00C04F79EFBC}") = "PizzeriaSdomino.Writer", "PizzeriaSdomino.Writer\PizzeriaSdomino.Writer.csproj", "{4C125B78-C7C5-4898-8A3E-6434A09CB4B0}"
EndProject
Project("{FAE04EC0-301F-11D3-BF4B-00C04F79EFBC}") = "PizzeriaSdomino.Core", "PizzeriaSdomino.Core\PizzeriaSdomino.Core.csproj", "{218BA248-533A-4CBA-A2E6-A22C9EC9ACEB}"
EndProject
Global
	GlobalSection(SolutionConfigurationPlatforms) = preSolution
		Debug|Any CPU = Debug|Any CPU
		Release|Any CPU = Release|Any CPU
	EndGlobalSection
	GlobalSection(ProjectConfigurationPlatforms) = postSolution
		{05413265-11E0-4FCD-877D-D470D8042C58}.Debug|Any CPU.ActiveCfg = Debug|Any CPU
		{05413265-11E0-4FCD-877D-D470D8042C58}.Debug|Any CPU.Build.0 = Debug|Any CPU
		{05413265-11E0-4FCD-877D-D470D8042C58}.Release|Any CPU.ActiveCfg = Release|Any CPU
		{05413265-11E0-4FCD-877D-D470D8042C58}.Release|Any CPU.Build.0 = Release|Any CPU
		{3B8622A4-45AF-4CE5-BDD6-CF3B01C7BE94}.Debug|Any CPU.ActiveCfg = Debug|Any CPU
		{3B8622A4-45AF-4CE5-BDD6-CF3B01C7BE94}.Debug|Any CPU.Build.0 = Debug|Any CPU
		{3B8622A4-45AF-4CE5-BDD6-CF3B01C7BE94}.Release|Any CPU.ActiveCfg = Release|Any CPU
		{3B8622A4-45AF-4CE5-BDD6-CF3B01C7BE94}.Release|Any CPU.Build.0 = Release|Any CPU
		{4C125B78-C7C5-4898-8A3E-6434A09CB4B0}.Debug|Any CPU.ActiveCfg = Debug|Any CPU
		{4C125B78-C7C5-4898-8A3E-6434A09CB4B0}.Debug|Any CPU.Build.0 = Debug|Any CPU
		{4C125B78-C7C5-4898-8A3E-6434A09CB4B0}.Release|Any CPU.ActiveCfg = Release|Any CPU
		{4C125B78-C7C5-4898-8A3E-6434A09CB4B0}.Release|Any CPU.Build.0 = Release|Any CPU
		{218BA248-533A-4CBA-A2E6-A22C9EC9ACEB}.Debug|Any CPU.ActiveCfg = Debug|Any CPU
		{218BA248-533A-4CBA-A2E6-A22C9EC9ACEB}.Debug|Any CPU.Build.0 = Debug|Any CPU
		{218BA248-533A-4CBA-A2E6-A22C9EC9ACEB}.Release|Any CPU.ActiveCfg = Release|Any CPU
		{218BA248-533A-4CBA-A2E6-A22C9EC9ACEB}.Release|Any CPU.Build.0 = Release|Any CPU
	EndGlobalSection
	GlobalSection(SolutionProperties) = preSolution
		HideSolutionNode = FALSE
	EndGlobalSection
	GlobalSection(ExtensibilityGlobals) = postSolution
		SolutionGuid = {360CC70A-6766-418D-BA9F-7B86EB4CC1F8}
	EndGlobalSection
EndGlobal
